
Microsoft Visual Studio Solution File, Format Version 12.00
# Visual Studio Version 17
VisualStudioVersion = 17.11.35208.52
MinimumVisualStudioVersion = 10.0.40219.1
Project("{FAE04EC0-301F-11D3-BF4B-00C04F79EFBC}") = "Cursach", "Cursach.csproj", "{5E1679D6-B40C-4D30-9D2B-4ECF5BEBD995}"
EndProject
Global
	GlobalSection(SolutionConfigurationPlatforms) = preSolution
		Debug|Any CPU = Debug|Any CPU
		Release|Any CPU = Release|Any CPU
	EndGlobalSection
	GlobalSection(ProjectConfigurationPlatforms) = postSolution
		{5E1679D6-B40C-4D30-9D2B-4ECF5BEBD995}.Debug|Any CPU.ActiveCfg = Debug|Any CPU
		{5E1679D6-B40C-4D30-9D2B-4ECF5BEBD995}.Debug|Any CPU.Build.0 = Debug|Any CPU
		{5E1679D6-B40C-4D30-9D2B-4ECF5BEBD995}.Release|Any CPU.ActiveCfg = Release|Any CPU
		{5E1679D6-B40C-4D30-9D2B-4ECF5BEBD995}.Release|Any CPU.Build.0 = Release|Any CPU
	EndGlobalSection
	GlobalSection(SolutionProperties) = preSolution
		HideSolutionNode = FALSE
	EndGlobalSection
	GlobalSection(ExtensibilityGlobals) = postSolution
		SolutionGuid = {C5B0A1E3-00BB-4445-BA63-FE59DEAC8FA7}
	EndGlobalSection
EndGlobal
